// !$*UTF8*$!
{
	archiveVersion = 1;
	classes = {
	};
	objectVersion = 55;
	objects = {

/* Begin PBXBuildFile section */
		3A90A8B52819499400489BAC /* LandmarksApp.swift in Sources */ = {isa = PBXBuildFile; fileRef = 3A90A8B42819499400489BAC /* LandmarksApp.swift */; };
		3A90A8B72819499400489BAC /* ContentView.swift in Sources */ = {isa = PBXBuildFile; fileRef = 3A90A8B62819499400489BAC /* ContentView.swift */; };
		3A90A8B92819499400489BAC /* Assets.xcassets in Resources */ = {isa = PBXBuildFile; fileRef = 3A90A8B82819499400489BAC /* Assets.xcassets */; };
		3A90A8BC2819499400489BAC /* Preview Assets.xcassets in Resources */ = {isa = PBXBuildFile; fileRef = 3A90A8BB2819499400489BAC /* Preview Assets.xcassets */; };
		3A90A8C32819521400489BAC /* CircleImage.swift in Sources */ = {isa = PBXBuildFile; fileRef = 3A90A8C22819521400489BAC /* CircleImage.swift */; };
		3A90A8C528195B0500489BAC /* MapView.swift in Sources */ = {isa = PBXBuildFile; fileRef = 3A90A8C428195B0500489BAC /* MapView.swift */; };
		3A90A8C72819657B00489BAC /* landmarkData.json in Resources */ = {isa = PBXBuildFile; fileRef = 3A90A8C62819657B00489BAC /* landmarkData.json */; };
		3A90A8C9281965CB00489BAC /* Landmark.swift in Sources */ = {isa = PBXBuildFile; fileRef = 3A90A8C8281965CB00489BAC /* Landmark.swift */; };
		3A90A8CB2819694200489BAC /* ModelData.swift in Sources */ = {isa = PBXBuildFile; fileRef = 3A90A8CA2819694200489BAC /* ModelData.swift */; };
		3A90A8D028196D7200489BAC /* LandmarkRow.swift in Sources */ = {isa = PBXBuildFile; fileRef = 3A90A8CF28196D7200489BAC /* LandmarkRow.swift */; };
		3A90A8D2281977CD00489BAC /* LandmarkList.swift in Sources */ = {isa = PBXBuildFile; fileRef = 3A90A8D1281977CD00489BAC /* LandmarkList.swift */; };
		3A90A8D428197CC400489BAC /* LandmarkDetail.swift in Sources */ = {isa = PBXBuildFile; fileRef = 3A90A8D328197CC400489BAC /* LandmarkDetail.swift */; };
		3AD58B56281A7F47002065A3 /* FavoriteButton.swift in Sources */ = {isa = PBXBuildFile; fileRef = 3AD58B55281A7F47002065A3 /* FavoriteButton.swift */; };
		3AD58B5A281A8E9D002065A3 /* HexagonParameters.swift in Sources */ = {isa = PBXBuildFile; fileRef = 3AD58B59281A8E9D002065A3 /* HexagonParameters.swift */; };
/* End PBXBuildFile section */

/* Begin PBXFileReference section */
		3A90A8B12819499400489BAC /* Landmarks.app */ = {isa = PBXFileReference; explicitFileType = wrapper.application; includeInIndex = 0; path = Landmarks.app; sourceTree = BUILT_PRODUCTS_DIR; };
		3A90A8B42819499400489BAC /* LandmarksApp.swift */ = {isa = PBXFileReference; lastKnownFileType = sourcecode.swift; path = LandmarksApp.swift; sourceTree = "<group>"; };
		3A90A8B62819499400489BAC /* ContentView.swift */ = {isa = PBXFileReference; lastKnownFileType = sourcecode.swift; path = ContentView.swift; sourceTree = "<group>"; };
		3A90A8B82819499400489BAC /* Assets.xcassets */ = {isa = PBXFileReference; lastKnownFileType = folder.assetcatalog; path = Assets.xcassets; sourceTree = "<group>"; };
		3A90A8BB2819499400489BAC /* Preview Assets.xcassets */ = {isa = PBXFileReference; lastKnownFileType = folder.assetcatalog; path = "Preview Assets.xcassets"; sourceTree = "<group>"; };
		3A90A8C22819521400489BAC /* CircleImage.swift */ = {isa = PBXFileReference; lastKnownFileType = sourcecode.swift; path = CircleImage.swift; sourceTree = "<group>"; };
		3A90A8C428195B0500489BAC /* MapView.swift */ = {isa = PBXFileReference; lastKnownFileType = sourcecode.swift; path = MapView.swift; sourceTree = "<group>"; };
		3A90A8C62819657B00489BAC /* landmarkData.json */ = {isa = PBXFileReference; fileEncoding = 4; lastKnownFileType = text.json; path = landmarkData.json; sourceTree = "<group>"; };
		3A90A8C8281965CB00489BAC /* Landmark.swift */ = {isa = PBXFileReference; lastKnownFileType = sourcecode.swift; path = Landmark.swift; sourceTree = "<group>"; };
		3A90A8CA2819694200489BAC /* ModelData.swift */ = {isa = PBXFileReference; lastKnownFileType = sourcecode.swift; path = ModelData.swift; sourceTree = "<group>"; };
		3A90A8CF28196D7200489BAC /* LandmarkRow.swift */ = {isa = PBXFileReference; lastKnownFileType = sourcecode.swift; path = LandmarkRow.swift; sourceTree = "<group>"; };
		3A90A8D1281977CD00489BAC /* LandmarkList.swift */ = {isa = PBXFileReference; lastKnownFileType = sourcecode.swift; path = LandmarkList.swift; sourceTree = "<group>"; };
		3A90A8D328197CC400489BAC /* LandmarkDetail.swift */ = {isa = PBXFileReference; lastKnownFileType = sourcecode.swift; path = LandmarkDetail.swift; sourceTree = "<group>"; };
		3AD58B55281A7F47002065A3 /* FavoriteButton.swift */ = {isa = PBXFileReference; lastKnownFileType = sourcecode.swift; path = FavoriteButton.swift; sourceTree = "<group>"; };
		3AD58B59281A8E9D002065A3 /* HexagonParameters.swift */ = {isa = PBXFileReference; lastKnownFileType = sourcecode.swift; path = HexagonParameters.swift; sourceTree = "<group>"; };
/* End PBXFileReference section */

/* Begin PBXFrameworksBuildPhase section */
		3A90A8AE2819499400489BAC /* Frameworks */ = {
			isa = PBXFrameworksBuildPhase;
			buildActionMask = 2147483647;
			files = (
			);
			runOnlyForDeploymentPostprocessing = 0;
		};
/* End PBXFrameworksBuildPhase section */

/* Begin PBXGroup section */
		3A90A8A82819499400489BAC = {
			isa = PBXGroup;
			children = (
				3A90A8B32819499400489BAC /* Landmarks */,
				3A90A8B22819499400489BAC /* Products */,
			);
			sourceTree = "<group>";
		};
		3A90A8B22819499400489BAC /* Products */ = {
			isa = PBXGroup;
			children = (
				3A90A8B12819499400489BAC /* Landmarks.app */,
			);
			name = Products;
			sourceTree = "<group>";
		};
		3A90A8B32819499400489BAC /* Landmarks */ = {
			isa = PBXGroup;
			children = (
				3A90A8B42819499400489BAC /* LandmarksApp.swift */,
				3A90A8CC28196BF500489BAC /* Views */,
				3A90A8CD28196C0400489BAC /* Model */,
				3A90A8CE28196C1000489BAC /* Resources */,
				3A90A8B82819499400489BAC /* Assets.xcassets */,
				3A90A8BA2819499400489BAC /* Preview Content */,
			);
			path = Landmarks;
			sourceTree = "<group>";
		};
		3A90A8BA2819499400489BAC /* Preview Content */ = {
			isa = PBXGroup;
			children = (
				3A90A8BB2819499400489BAC /* Preview Assets.xcassets */,
			);
			path = "Preview Content";
			sourceTree = "<group>";
		};
		3A90A8CC28196BF500489BAC /* Views */ = {
			isa = PBXGroup;
			children = (
				3A90A8B62819499400489BAC /* ContentView.swift */,
				3AD58B59281A8E9D002065A3 /* HexagonParameters.swift */,
				3AD58B57281A8250002065A3 /* Landmarks */,
				3AD58B58281A8271002065A3 /* Helpers */,
			);
			path = Views;
			sourceTree = "<group>";
		};
		3A90A8CD28196C0400489BAC /* Model */ = {
			isa = PBXGroup;
			children = (
				3A90A8C8281965CB00489BAC /* Landmark.swift */,
				3A90A8CA2819694200489BAC /* ModelData.swift */,
			);
			path = Model;
			sourceTree = "<group>";
		};
		3A90A8CE28196C1000489BAC /* Resources */ = {
			isa = PBXGroup;
			children = (
				3A90A8C62819657B00489BAC /* landmarkData.json */,
			);
			path = Resources;
			sourceTree = "<group>";
		};
		3AD58B57281A8250002065A3 /* Landmarks */ = {
			isa = PBXGroup;
			children = (
				3A90A8CF28196D7200489BAC /* LandmarkRow.swift */,
				3A90A8D1281977CD00489BAC /* LandmarkList.swift */,
				3A90A8D328197CC400489BAC /* LandmarkDetail.swift */,
			);
			path = Landmarks;
			sourceTree = "<group>";
		};
		3AD58B58281A8271002065A3 /* Helpers */ = {
			isa = PBXGroup;
			children = (
				3A90A8C22819521400489BAC /* CircleImage.swift */,
				3A90A8C428195B0500489BAC /* MapView.swift */,
				3AD58B55281A7F47002065A3 /* FavoriteButton.swift */,
			);
			path = Helpers;
			sourceTree = "<group>";
		};
/* End PBXGroup section */

/* Begin PBXNativeTarget section */
		3A90A8B02819499400489BAC /* Landmarks */ = {
			isa = PBXNativeTarget;
			buildConfigurationList = 3A90A8BF2819499400489BAC /* Build configuration list for PBXNativeTarget "Landmarks" */;
			buildPhases = (
				3A90A8AD2819499400489BAC /* Sources */,
				3A90A8AE2819499400489BAC /* Frameworks */,
				3A90A8AF2819499400489BAC /* Resources */,
			);
			buildRules = (
			);
			dependencies = (
			);
			name = Landmarks;
			productName = Landmarks;
			productReference = 3A90A8B12819499400489BAC /* Landmarks.app */;
			productType = "com.apple.product-type.application";
		};
/* End PBXNativeTarget section */

/* Begin PBXProject section */
		3A90A8A92819499400489BAC /* Project object */ = {
			isa = PBXProject;
			attributes = {
				BuildIndependentTargetsInParallel = 1;
				LastSwiftUpdateCheck = 1330;
				LastUpgradeCheck = 1330;
				TargetAttributes = {
					3A90A8B02819499400489BAC = {
						CreatedOnToolsVersion = 13.3.1;
					};
				};
			};
			buildConfigurationList = 3A90A8AC2819499400489BAC /* Build configuration list for PBXProject "Landmarks" */;
			compatibilityVersion = "Xcode 13.0";
			developmentRegion = en;
			hasScannedForEncodings = 0;
			knownRegions = (
				en,
				Base,
			);
			mainGroup = 3A90A8A82819499400489BAC;
			productRefGroup = 3A90A8B22819499400489BAC /* Products */;
			projectDirPath = "";
			projectRoot = "";
			targets = (
				3A90A8B02819499400489BAC /* Landmarks */,
			);
		};
/* End PBXProject section */

/* Begin PBXResourcesBuildPhase section */
		3A90A8AF2819499400489BAC /* Resources */ = {
			isa = PBXResourcesBuildPhase;
			buildActionMask = 2147483647;
			files = (
				3A90A8BC2819499400489BAC /* Preview Assets.xcassets in Resources */,
				3A90A8B92819499400489BAC /* Assets.xcassets in Resources */,
				3A90A8C72819657B00489BAC /* landmarkData.json in Resources */,
			);
			runOnlyForDeploymentPostprocessing = 0;
		};
/* End PBXResourcesBuildPhase section */

/* Begin PBXSourcesBuildPhase section */
		3A90A8AD2819499400489BAC /* Sources */ = {
			isa = PBXSourcesBuildPhase;
			buildActionMask = 2147483647;
			files = (
				3A90A8B72819499400489BAC /* ContentView.swift in Sources */,
				3A90A8C528195B0500489BAC /* MapView.swift in Sources */,
				3A90A8B52819499400489BAC /* LandmarksApp.swift in Sources */,
				3AD58B56281A7F47002065A3 /* FavoriteButton.swift in Sources */,
				3AD58B5A281A8E9D002065A3 /* HexagonParameters.swift in Sources */,
				3A90A8D2281977CD00489BAC /* LandmarkList.swift in Sources */,
				3A90A8D428197CC400489BAC /* LandmarkDetail.swift in Sources */,
				3A90A8C32819521400489BAC /* CircleImage.swift in Sources */,
				3A90A8C9281965CB00489BAC /* Landmark.swift in Sources */,
				3A90A8D028196D7200489BAC /* LandmarkRow.swift in Sources */,
				3A90A8CB2819694200489BAC /* ModelData.swift in Sources */,
			);
			runOnlyForDeploymentPostprocessing = 0;
		};
/* End PBXSourcesBuildPhase section */

/* Begin XCBuildConfiguration section */
		3A90A8BD2819499400489BAC /* Debug */ = {
			isa = XCBuildConfiguration;
			buildSettings = {
				ALWAYS_SEARCH_USER_PATHS = NO;
				CLANG_ANALYZER_NONNULL = YES;
				CLANG_ANALYZER_NUMBER_OBJECT_CONVERSION = YES_AGGRESSIVE;
				CLANG_CXX_LANGUAGE_STANDARD = "gnu++17";
				CLANG_ENABLE_MODULES = YES;
				CLANG_ENABLE_OBJC_ARC = YES;
				CLANG_ENABLE_OBJC_WEAK = YES;
				CLANG_WARN_BLOCK_CAPTURE_AUTORELEASING = YES;
				CLANG_WARN_BOOL_CONVERSION = YES;
				CLANG_WARN_COMMA = YES;
				CLANG_WARN_CONSTANT_CONVERSION = YES;
				CLANG_WARN_DEPRECATED_OBJC_IMPLEMENTATIONS = YES;
				CLANG_WARN_DIRECT_OBJC_ISA_USAGE = YES_ERROR;
				CLANG_WARN_DOCUMENTATION_COMMENTS = YES;
				CLANG_WARN_EMPTY_BODY = YES;
				CLANG_WARN_ENUM_CONVERSION = YES;
				CLANG_WARN_INFINITE_RECURSION = YES;
				CLANG_WARN_INT_CONVERSION = YES;
				CLANG_WARN_NON_LITERAL_NULL_CONVERSION = YES;
				CLANG_WARN_OBJC_IMPLICIT_RETAIN_SELF = YES;
				CLANG_WARN_OBJC_LITERAL_CONVERSION = YES;
				CLANG_WARN_OBJC_ROOT_CLASS = YES_ERROR;
				CLANG_WARN_QUOTED_INCLUDE_IN_FRAMEWORK_HEADER = YES;
				CLANG_WARN_RANGE_LOOP_ANALYSIS = YES;
				CLANG_WARN_STRICT_PROTOTYPES = YES;
				CLANG_WARN_SUSPICIOUS_MOVE = YES;
				CLANG_WARN_UNGUARDED_AVAILABILITY = YES_AGGRESSIVE;
				CLANG_WARN_UNREACHABLE_CODE = YES;
				CLANG_WARN__DUPLICATE_METHOD_MATCH = YES;
				COPY_PHASE_STRIP = NO;
				DEBUG_INFORMATION_FORMAT = dwarf;
				ENABLE_STRICT_OBJC_MSGSEND = YES;
				ENABLE_TESTABILITY = YES;
				GCC_C_LANGUAGE_STANDARD = gnu11;
				GCC_DYNAMIC_NO_PIC = NO;
				GCC_NO_COMMON_BLOCKS = YES;
				GCC_OPTIMIZATION_LEVEL = 0;
				GCC_PREPROCESSOR_DEFINITIONS = (
					"DEBUG=1",
					"$(inherited)",
				);
				GCC_WARN_64_TO_32_BIT_CONVERSION = YES;
				GCC_WARN_ABOUT_RETURN_TYPE = YES_ERROR;
				GCC_WARN_UNDECLARED_SELECTOR = YES;
				GCC_WARN_UNINITIALIZED_AUTOS = YES_AGGRESSIVE;
				GCC_WARN_UNUSED_FUNCTION = YES;
				GCC_WARN_UNUSED_VARIABLE = YES;
				IPHONEOS_DEPLOYMENT_TARGET = 15.4;
				MTL_ENABLE_DEBUG_INFO = INCLUDE_SOURCE;
				MTL_FAST_MATH = YES;
				ONLY_ACTIVE_ARCH = YES;
				SDKROOT = iphoneos;
				SWIFT_ACTIVE_COMPILATION_CONDITIONS = DEBUG;
				SWIFT_OPTIMIZATION_LEVEL = "-Onone";
			};
			name = Debug;
		};
		3A90A8BE2819499400489BAC /* Release */ = {
			isa = XCBuildConfiguration;
			buildSettings = {
				ALWAYS_SEARCH_USER_PATHS = NO;
				CLANG_ANALYZER_NONNULL = YES;
				CLANG_ANALYZER_NUMBER_OBJECT_CONVERSION = YES_AGGRESSIVE;
				CLANG_CXX_LANGUAGE_STANDARD = "gnu++17";
				CLANG_ENABLE_MODULES = YES;
				CLANG_ENABLE_OBJC_ARC = YES;
				CLANG_ENABLE_OBJC_WEAK = YES;
				CLANG_WARN_BLOCK_CAPTURE_AUTORELEASING = YES;
				CLANG_WARN_BOOL_CONVERSION = YES;
				CLANG_WARN_COMMA = YES;
				CLANG_WARN_CONSTANT_CONVERSION = YES;
				CLANG_WARN_DEPRECATED_OBJC_IMPLEMENTATIONS = YES;
				CLANG_WARN_DIRECT_OBJC_ISA_USAGE = YES_ERROR;
				CLANG_WARN_DOCUMENTATION_COMMENTS = YES;
				CLANG_WARN_EMPTY_BODY = YES;
				CLANG_WARN_ENUM_CONVERSION = YES;
				CLANG_WARN_INFINITE_RECURSION = YES;
				CLANG_WARN_INT_CONVERSION = YES;
				CLANG_WARN_NON_LITERAL_NULL_CONVERSION = YES;
				CLANG_WARN_OBJC_IMPLICIT_RETAIN_SELF = YES;
				CLANG_WARN_OBJC_LITERAL_CONVERSION = YES;
				CLANG_WARN_OBJC_ROOT_CLASS = YES_ERROR;
				CLANG_WARN_QUOTED_INCLUDE_IN_FRAMEWORK_HEADER = YES;
				CLANG_WARN_RANGE_LOOP_ANALYSIS = YES;
				CLANG_WARN_STRICT_PROTOTYPES = YES;
				CLANG_WARN_SUSPICIOUS_MOVE = YES;
				CLANG_WARN_UNGUARDED_AVAILABILITY = YES_AGGRESSIVE;
				CLANG_WARN_UNREACHABLE_CODE = YES;
				CLANG_WARN__DUPLICATE_METHOD_MATCH = YES;
				COPY_PHASE_STRIP = NO;
				DEBUG_INFORMATION_FORMAT = "dwarf-with-dsym";
				ENABLE_NS_ASSERTIONS = NO;
				ENABLE_STRICT_OBJC_MSGSEND = YES;
				GCC_C_LANGUAGE_STANDARD = gnu11;
				GCC_NO_COMMON_BLOCKS = YES;
				GCC_WARN_64_TO_32_BIT_CONVERSION = YES;
				GCC_WARN_ABOUT_RETURN_TYPE = YES_ERROR;
				GCC_WARN_UNDECLARED_SELECTOR = YES;
				GCC_WARN_UNINITIALIZED_AUTOS = YES_AGGRESSIVE;
				GCC_WARN_UNUSED_FUNCTION = YES;
				GCC_WARN_UNUSED_VARIABLE = YES;
				IPHONEOS_DEPLOYMENT_TARGET = 15.4;
				MTL_ENABLE_DEBUG_INFO = NO;
				MTL_FAST_MATH = YES;
				SDKROOT = iphoneos;
				SWIFT_COMPILATION_MODE = wholemodule;
				SWIFT_OPTIMIZATION_LEVEL = "-O";
				VALIDATE_PRODUCT = YES;
			};
			name = Release;
		};
		3A90A8C02819499400489BAC /* Debug */ = {
			isa = XCBuildConfiguration;
			buildSettings = {
				ASSETCATALOG_COMPILER_APPICON_NAME = AppIcon;
				ASSETCATALOG_COMPILER_GLOBAL_ACCENT_COLOR_NAME = AccentColor;
				CODE_SIGN_STYLE = Automatic;
				CURRENT_PROJECT_VERSION = 1;
				DEVELOPMENT_ASSET_PATHS = "\"Landmarks/Preview Content\"";
				DEVELOPMENT_TEAM = 8GR4L8J4R6;
				ENABLE_PREVIEWS = YES;
				GENERATE_INFOPLIST_FILE = YES;
				INFOPLIST_KEY_UIApplicationSceneManifest_Generation = YES;
				INFOPLIST_KEY_UIApplicationSupportsIndirectInputEvents = YES;
				INFOPLIST_KEY_UILaunchScreen_Generation = YES;
				INFOPLIST_KEY_UISupportedInterfaceOrientations_iPad = "UIInterfaceOrientationPortrait UIInterfaceOrientationPortraitUpsideDown UIInterfaceOrientationLandscapeLeft UIInterfaceOrientationLandscapeRight";
				INFOPLIST_KEY_UISupportedInterfaceOrientations_iPhone = "UIInterfaceOrientationPortrait UIInterfaceOrientationLandscapeLeft UIInterfaceOrientationLandscapeRight";
				LD_RUNPATH_SEARCH_PATHS = (
					"$(inherited)",
					"@executable_path/Frameworks",
				);
				MARKETING_VERSION = 1.0;
				PRODUCT_BUNDLE_IDENTIFIER = com.alexfilippov.Landmarks;
				PRODUCT_NAME = "$(TARGET_NAME)";
				SWIFT_EMIT_LOC_STRINGS = YES;
				SWIFT_VERSION = 5.0;
				TARGETED_DEVICE_FAMILY = "1,2";
			};
			name = Debug;
		};
		3A90A8C12819499400489BAC /* Release */ = {
			isa = XCBuildConfiguration;
			buildSettings = {
				ASSETCATALOG_COMPILER_APPICON_NAME = AppIcon;
				ASSETCATALOG_COMPILER_GLOBAL_ACCENT_COLOR_NAME = AccentColor;
				CODE_SIGN_STYLE = Automatic;
				CURRENT_PROJECT_VERSION = 1;
				DEVELOPMENT_ASSET_PATHS = "\"Landmarks/Preview Content\"";
				DEVELOPMENT_TEAM = 8GR4L8J4R6;
				ENABLE_PREVIEWS = YES;
				GENERATE_INFOPLIST_FILE = YES;
				INFOPLIST_KEY_UIApplicationSceneManifest_Generation = YES;
				INFOPLIST_KEY_UIApplicationSupportsIndirectInputEvents = YES;
				INFOPLIST_KEY_UILaunchScreen_Generation = YES;
				INFOPLIST_KEY_UISupportedInterfaceOrientations_iPad = "UIInterfaceOrientationPortrait UIInterfaceOrientationPortraitUpsideDown UIInterfaceOrientationLandscapeLeft UIInterfaceOrientationLandscapeRight";
				INFOPLIST_KEY_UISupportedInterfaceOrientations_iPhone = "UIInterfaceOrientationPortrait UIInterfaceOrientationLandscapeLeft UIInterfaceOrientationLandscapeRight";
				LD_RUNPATH_SEARCH_PATHS = (
					"$(inherited)",
					"@executable_path/Frameworks",
				);
				MARKETING_VERSION = 1.0;
				PRODUCT_BUNDLE_IDENTIFIER = com.alexfilippov.Landmarks;
				PRODUCT_NAME = "$(TARGET_NAME)";
				SWIFT_EMIT_LOC_STRINGS = YES;
				SWIFT_VERSION = 5.0;
				TARGETED_DEVICE_FAMILY = "1,2";
			};
			name = Release;
		};
/* End XCBuildConfiguration section */

/* Begin XCConfigurationList section */
		3A90A8AC2819499400489BAC /* Build configuration list for PBXProject "Landmarks" */ = {
			isa = XCConfigurationList;
			buildConfigurations = (
				3A90A8BD2819499400489BAC /* Debug */,
				3A90A8BE2819499400489BAC /* Release */,
			);
			defaultConfigurationIsVisible = 0;
			defaultConfigurationName = Release;
		};
		3A90A8BF2819499400489BAC /* Build configuration list for PBXNativeTarget "Landmarks" */ = {
			isa = XCConfigurationList;
			buildConfigurations = (
				3A90A8C02819499400489BAC /* Debug */,
				3A90A8C12819499400489BAC /* Release */,
			);
			defaultConfigurationIsVisible = 0;
			defaultConfigurationName = Release;
		};
/* End XCConfigurationList section */
	};
	rootObject = 3A90A8A92819499400489BAC /* Project object */;
}
